
Microsoft Visual Studio Solution File, Format Version 12.00
# Visual Studio Version 17
VisualStudioVersion = 17.2.32616.157
MinimumVisualStudioVersion = 10.0.40219.1
Project("{FAE04EC0-301F-11D3-BF4B-00C04F79EFBC}") = "BlogAPI1", "BlogAPI1\BlogAPI1.csproj", "{9DE527D7-D431-4ACC-A66B-A6CCC92FE728}"
EndProject
Project("{FAE04EC0-301F-11D3-BF4B-00C04F79EFBC}") = "BlogTeste2", "BlogTeste2\BlogTeste2.csproj", "{54A97BCE-2806-454B-9F85-A3DC1B72659C}"
EndProject
Global
	GlobalSection(SolutionConfigurationPlatforms) = preSolution
		Debug|Any CPU = Debug|Any CPU
		Release|Any CPU = Release|Any CPU
	EndGlobalSection
	GlobalSection(ProjectConfigurationPlatforms) = postSolution
		{9DE527D7-D431-4ACC-A66B-A6CCC92FE728}.Debug|Any CPU.ActiveCfg = Debug|Any CPU
		{9DE527D7-D431-4ACC-A66B-A6CCC92FE728}.Debug|Any CPU.Build.0 = Debug|Any CPU
		{9DE527D7-D431-4ACC-A66B-A6CCC92FE728}.Release|Any CPU.ActiveCfg = Release|Any CPU
		{9DE527D7-D431-4ACC-A66B-A6CCC92FE728}.Release|Any CPU.Build.0 = Release|Any CPU
		{54A97BCE-2806-454B-9F85-A3DC1B72659C}.Debug|Any CPU.ActiveCfg = Debug|Any CPU
		{54A97BCE-2806-454B-9F85-A3DC1B72659C}.Debug|Any CPU.Build.0 = Debug|Any CPU
		{54A97BCE-2806-454B-9F85-A3DC1B72659C}.Release|Any CPU.ActiveCfg = Release|Any CPU
		{54A97BCE-2806-454B-9F85-A3DC1B72659C}.Release|Any CPU.Build.0 = Release|Any CPU
	EndGlobalSection
	GlobalSection(SolutionProperties) = preSolution
		HideSolutionNode = FALSE
	EndGlobalSection
	GlobalSection(ExtensibilityGlobals) = postSolution
		SolutionGuid = {DF85E6E9-567F-4880-9B70-C0641E35ED51}
	EndGlobalSection
EndGlobal
